
Microsoft Visual Studio Solution File, Format Version 12.00
# Visual Studio Version 17
VisualStudioVersion = 17.4.33110.190
MinimumVisualStudioVersion = 10.0.40219.1
Project("{FAE04EC0-301F-11D3-BF4B-00C04F79EFBC}") = "WF_Settings_Library", "WF_Settings_Library\WF_Settings_Library.csproj", "{983EA6AD-7F73-4767-99D8-16CBE7E4093C}"
EndProject
Global
	GlobalSection(SolutionConfigurationPlatforms) = preSolution
		Debug|Any CPU = Debug|Any CPU
		Release|Any CPU = Release|Any CPU
	EndGlobalSection
	GlobalSection(ProjectConfigurationPlatforms) = postSolution
		{983EA6AD-7F73-4767-99D8-16CBE7E4093C}.Debug|Any CPU.ActiveCfg = Debug|Any CPU
		{983EA6AD-7F73-4767-99D8-16CBE7E4093C}.Debug|Any CPU.Build.0 = Debug|Any CPU
		{983EA6AD-7F73-4767-99D8-16CBE7E4093C}.Release|Any CPU.ActiveCfg = Release|Any CPU
		{983EA6AD-7F73-4767-99D8-16CBE7E4093C}.Release|Any CPU.Build.0 = Release|Any CPU
	EndGlobalSection
	GlobalSection(SolutionProperties) = preSolution
		HideSolutionNode = FALSE
	EndGlobalSection
	GlobalSection(ExtensibilityGlobals) = postSolution
		SolutionGuid = {48371507-5AF1-407E-A781-8093FA683AD5}
	EndGlobalSection
EndGlobal
