
Microsoft Visual Studio Solution File, Format Version 12.00
# Visual Studio Version 17
VisualStudioVersion = 17.4.33110.190
MinimumVisualStudioVersion = 10.0.40219.1
Project("{FAE04EC0-301F-11D3-BF4B-00C04F79EFBC}") = "Learn_Words_WF_Menus", "Learn_Words_WF_Menus\Learn_Words_WF_Menus.csproj", "{01C56CBE-3504-4AA5-900B-997E19776312}"
EndProject
Global
	GlobalSection(SolutionConfigurationPlatforms) = preSolution
		Debug|Any CPU = Debug|Any CPU
		Release|Any CPU = Release|Any CPU
	EndGlobalSection
	GlobalSection(ProjectConfigurationPlatforms) = postSolution
		{01C56CBE-3504-4AA5-900B-997E19776312}.Debug|Any CPU.ActiveCfg = Debug|Any CPU
		{01C56CBE-3504-4AA5-900B-997E19776312}.Debug|Any CPU.Build.0 = Debug|Any CPU
		{01C56CBE-3504-4AA5-900B-997E19776312}.Release|Any CPU.ActiveCfg = Release|Any CPU
		{01C56CBE-3504-4AA5-900B-997E19776312}.Release|Any CPU.Build.0 = Release|Any CPU
	EndGlobalSection
	GlobalSection(SolutionProperties) = preSolution
		HideSolutionNode = FALSE
	EndGlobalSection
	GlobalSection(ExtensibilityGlobals) = postSolution
		SolutionGuid = {A9ADB106-2C68-46E3-A7D6-7DA5D0D4B4FF}
	EndGlobalSection
EndGlobal
