
Microsoft Visual Studio Solution File, Format Version 12.00
# Visual Studio Version 17
VisualStudioVersion = 17.4.33110.190
MinimumVisualStudioVersion = 10.0.40219.1
Project("{FAE04EC0-301F-11D3-BF4B-00C04F79EFBC}") = "LearnWords_WF", "LearnWords_WF\LearnWords_WF.csproj", "{F2773E33-BA24-40D5-8622-957FC3912862}"
EndProject
Global
	GlobalSection(SolutionConfigurationPlatforms) = preSolution
		Debug|Any CPU = Debug|Any CPU
		Release|Any CPU = Release|Any CPU
	EndGlobalSection
	GlobalSection(ProjectConfigurationPlatforms) = postSolution
		{F2773E33-BA24-40D5-8622-957FC3912862}.Debug|Any CPU.ActiveCfg = Debug|Any CPU
		{F2773E33-BA24-40D5-8622-957FC3912862}.Debug|Any CPU.Build.0 = Debug|Any CPU
		{F2773E33-BA24-40D5-8622-957FC3912862}.Release|Any CPU.ActiveCfg = Release|Any CPU
		{F2773E33-BA24-40D5-8622-957FC3912862}.Release|Any CPU.Build.0 = Release|Any CPU
	EndGlobalSection
	GlobalSection(SolutionProperties) = preSolution
		HideSolutionNode = FALSE
	EndGlobalSection
	GlobalSection(ExtensibilityGlobals) = postSolution
		SolutionGuid = {E010E993-D6F1-453D-8186-50EF29F2FC84}
	EndGlobalSection
EndGlobal
